
Microsoft Visual Studio Solution File, Format Version 12.00
# Visual Studio Version 16
VisualStudioVersion = 16.0.32510.428
MinimumVisualStudioVersion = 10.0.40219.1
Project("{FAE04EC0-301F-11D3-BF4B-00C04F79EFBC}") = "biletik5", "biletik5\biletik5.csproj", "{89AE2DBB-77A7-4F0F-B994-E71854684F5C}"
EndProject
Global
	GlobalSection(SolutionConfigurationPlatforms) = preSolution
		Debug|Any CPU = Debug|Any CPU
		Release|Any CPU = Release|Any CPU
	EndGlobalSection
	GlobalSection(ProjectConfigurationPlatforms) = postSolution
		{89AE2DBB-77A7-4F0F-B994-E71854684F5C}.Debug|Any CPU.ActiveCfg = Debug|Any CPU
		{89AE2DBB-77A7-4F0F-B994-E71854684F5C}.Debug|Any CPU.Build.0 = Debug|Any CPU
		{89AE2DBB-77A7-4F0F-B994-E71854684F5C}.Release|Any CPU.ActiveCfg = Release|Any CPU
		{89AE2DBB-77A7-4F0F-B994-E71854684F5C}.Release|Any CPU.Build.0 = Release|Any CPU
	EndGlobalSection
	GlobalSection(SolutionProperties) = preSolution
		HideSolutionNode = FALSE
	EndGlobalSection
	GlobalSection(ExtensibilityGlobals) = postSolution
		SolutionGuid = {167C2AF0-75E6-4FF8-82F5-23F1E6C2C704}
	EndGlobalSection
EndGlobal
